<Solution>
  <Folder Name="/Solution Items/">
    <File Path="Directory.Build.props" />
    <File Path="Directory.Packages.props" />
    <File Path="get-version.ps1" />
    <File Path="README.md" />
    <File Path="update-version.ps1" />
  </Folder>
  <Folder Name="/src/" />
  <Folder Name="/src/IDFCR.Caching/">
    <Project Path="src/IDFCR.Caching/IDFCR.Caching.Http/IDFCR.Caching.Http.csproj" />
    <Project Path="src/IDFCR.Caching/IDFCR.Caching.Serialisation/IDFCR.Caching.Serialisation.csproj">
      <Build Solution="Debug|*" Project="false" />
    </Project>
    <Project Path="src/IDFCR.Caching/IDFCR.Caching.Tests/IDFCR.Caching.Tests.csproj" />
    <Project Path="src/IDFCR.Caching/IDFCR.Caching/IDFCR.Caching.csproj" />
  </Folder>
  <Folder Name="/src/IDFCR.Abstractions/">
    <Project Path="src/IDFCR.Abstractions/IDFCR.Abstractions.Builders/IDFCR.Abstractions.Builders.csproj" />
    <Project Path="src/IDFCR.Abstractions/IDFCR.Abstractions.Caching/IDFCR.Abstractions.Caching.csproj" />
    <Project Path="src/IDFCR.Abstractions/IDFCR.Abstractions.Cli.Extensions/IDFCR.Abstractions.Cli.Extensions.csproj" />
    <Project Path="src/IDFCR.Abstractions/IDFCR.Abstractions.Cli/IDFCR.Abstractions.Cli.csproj" />
    <Project Path="src/IDFCR.Abstractions/IDFCR.Abstractions.Cryptography/IDFCR.Abstractions.Cryptography.csproj" />
    <Project Path="src/IDFCR.Abstractions/IDFCR.Abstractions.DatabaseUpdater/IDFCR.Abstractions.DatabaseUpdater.csproj" />
    <Project Path="src/IDFCR.Abstractions/IDFCR.Abstractions.DependencyInjection/IDFCR.Abstractions.DependencyInjection.csproj" />
    <Project Path="src/IDFCR.Abstractions/IDFCR.Abstractions.Filters/IDFCR.Abstractions.Filters.csproj" />
    <Project Path="src/IDFCR.Abstractions/IDFCR.Abstractions.gRPC.Contracts/IDFCR.Abstractions.GRPC.Contracts.csproj" />
    <Project Path="src/IDFCR.Abstractions/IDFCR.Abstractions.gRPC.Extensions/IDFCR.Abstractions.GRPC.Extensions.csproj" />
    <Project Path="src/IDFCR.Abstractions/IDFCR.Abstractions.gRPC.Generated/IDFCR.Abstractions.GRPC.Generated.csproj" />
    <Project Path="src/IDFCR.Abstractions/IDFCR.Abstractions.gRPC.HostExtensions/IDFCR.Abstractions.GRPC.HostExtensions.csproj" />
    <Project Path="src/IDFCR.Abstractions/IDFCR.Abstractions.gRPC/IDFCR.Abstractions.GRPC.csproj" />
    <Project Path="src/IDFCR.Abstractions/IDFCR.Abstractions.Interceptors.DependencyInjection/IDFCR.Abstractions.Interceptors.DependencyInjection.csproj" />
    <Project Path="src/IDFCR.Abstractions/IDFCR.Abstractions.Interceptors.Extensions/IDFCR.Abstractions.Interceptors.Extensions.csproj" />
    <Project Path="src/IDFCR.Abstractions/IDFCR.Abstractions.Interceptors/IDFCR.Abstractions.Interceptors.csproj" />
    <Project Path="src/IDFCR.Abstractions/IDFCR.Abstractions.Mapper.Extensions/IDFCR.Abstractions.Mapper.Extensions.csproj" />
    <Project Path="src/IDFCR.Abstractions/IDFCR.Abstractions.Mapper/IDFCR.Abstractions.Mapper.csproj" />
    <Project Path="src/IDFCR.Abstractions/IDFCR.Abstractions.Mediator.Extensions/IDFCR.Abstractions.Mediator.Extensions.csproj" />
    <Project Path="src/IDFCR.Abstractions/IDFCR.Abstractions.Mediator/IDFCR.Abstractions.Mediator.csproj" />
    <Project Path="src/IDFCR.Abstractions/IDFCR.Abstractions.Metadata/IDFCR.Abstractions.Metadata.csproj" />
    <Project Path="src/IDFCR.Abstractions/IDFCR.Abstractions.Persistence.StorageQueues/IDFCR.Abstractions.Persistence.StorageQueues.csproj" />
    <Project Path="src/IDFCR.Abstractions/IDFCR.Abstractions.Persistence/IDFCR.Abstractions.Persistence.csproj" />
    <Project Path="src/IDFCR.Abstractions/IDFCR.Abstractions.RequestState.Http/IDFCR.Abstractions.RequestState.Http.csproj" />
    <Project Path="src/IDFCR.Abstractions/IDFCR.Abstractions.RequestState/IDFCR.Abstractions.RequestState.csproj" />
    <Project Path="src/IDFCR.Abstractions/IDFCR.Abstractions.Results/IDFCR.Abstractions.Results.csproj" />
  </Folder>
  <Folder Name="/src/IDFCR.Abstractions/Tests/">
    <Project Path="src/IDFCR.Abstractions/Tests/IDFCR.Abstractions.Cli.Tests/IDFCR.Abstractions.Cli.Tests.csproj" />
    <Project Path="src/IDFCR.Abstractions/Tests/IDFCR.Abstractions.DatabaseUpdater.Tests/IDFCR.Abstractions.DatabaseUpdater.Tests.csproj" />
    <Project Path="src/IDFCR.Abstractions/Tests/IDFCR.Abstractions.DependencyInjection.Tests/IDFCR.Abstractions.DependencyInjection.Tests.csproj" />
    <Project Path="src/IDFCR.Abstractions/Tests/IDFCR.Abstractions.Filters.Tests/IDFCR.Abstractions.Filters.Tests.csproj" />
    <Project Path="src/IDFCR.Abstractions/Tests/IDFCR.Abstractions.gRPC.Extensions.Tests/IDFCR.Abstractions.GRPC.Extensions.Tests.csproj" />
    <Project Path="src/IDFCR.Abstractions/Tests/IDFCR.Abstractions.gRPC.Tests/IDFCR.Abstractions.GRPC.Tests.csproj" />
    <Project Path="src/IDFCR.Abstractions/Tests/IDFCR.Abstractions.Interceptors.DependencyInjection.Tests/IDFCR.Abstractions.Interceptors.DependencyInjection.Tests.csproj" />
    <Project Path="src/IDFCR.Abstractions/Tests/IDFCR.Abstractions.Interceptors.Tests/IDFCR.Abstractions.Interceptors.Tests.csproj" />
    <Project Path="src/IDFCR.Abstractions/Tests/IDFCR.Abstractions.Mapper.Tests/IDFCR.Abstractions.Mapper.Tests.csproj" />
    <Project Path="src/IDFCR.Abstractions/Tests/IDFCR.Abstractions.Mediator.Extensions.Tests/IDFCR.Abstractions.Mediator.Extensions.Tests.csproj" />
    <Project Path="src/IDFCR.Abstractions/Tests/IDFCR.Abstractions.Mediator.Tests/IDFCR.Abstractions.Mediator.Tests.csproj" />
    <Project Path="src/IDFCR.Abstractions/Tests/IDFCR.Abstractions.Metadata.Tests/IDFCR.Abstractions.Metadata.Tests.csproj">
      <Build Solution="Debug|*" Project="false" />
    </Project>
    <Project Path="src/IDFCR.Abstractions/Tests/IDFCR.Abstractions.Persistence.Tests/IDFCR.Abstractions.Persistence.Tests.csproj" />
    <Project Path="src/IDFCR.Abstractions/Tests/IDFCR.Abstractions.Results.Tests/IDFCR.Abstractions.Results.Tests.csproj">
      <Build Solution="Debug|*" Project="false" />
    </Project>
    <Project Path="src/IDFCR.TestUtilities/IDFCR.TestUtilities.csproj" />
  </Folder>
  <Folder Name="/src/IDFCR.Cryptography/Tests/">
    <Project Path="src/IDFCR.Cryptography/Tests/IDFCR.Cryptography.Tests/IDFCR.Cryptography.Tests.csproj" />
  </Folder>
  <Folder Name="/src/IDFCR.DatabaseUpdater/">
    <Project Path="src/IDFCR.DatabaseUpdater/IDFCR.DatabaseUpdater.csproj" />
  </Folder>
  <Folder Name="/src/IDFCR.AI/">
    <Project Path="src/IDFCR.AI/IDFCR.AI.Abstractions/IDFCR.AI.Abstractions.csproj" />
    <Project Path="src/IDFCR.AI/IDFCR.AI.Http/IDFCR.AI.Http.csproj" />
    <Project Path="src/IDFCR.AI/IDFCR.AI.OpenAI/IDFCR.AI.OpenAI.csproj" />
  </Folder>
  <Folder Name="/src/IDFCR.AI/Tests/">
    <Project Path="src/IDFCR.AI/Tests/IDFCR.AI.Http.Tests/IDFCR.AI.Http.Tests.csproj" />
    <Project Path="src/IDFCR.AI/Tests/IDFCR.AI.OpenAI.Tests/IDFCR.AI.OpenAI.Tests.csproj" />
  </Folder>
  <Folder Name="/src/IDFCR.Cryptography/">
    <Project Path="src/IDFCR.Cryptography/IDFCR.Cryptography.Extensions/IDFCR.Cryptography.Extensions.csproj" />
    <Project Path="src/IDFCR.Cryptography/IDFCR.Cryptography/IDFCR.Cryptography.csproj" />
  </Folder>
  <Folder Name="/src/IDFCR.GRPC.Extensions/">
    <Project Path="src/IDFCR.GRPC.Client.Extensions/IDFCR.GRPC.Client.Extensions.csproj" />
  </Folder>
  <Folder Name="/src/IDFCR.Persistence.CloudFlare/">
    <Project Path="src/IDFCR.Persistence.CloudFlare/IDFCR.Persistence.CloudFlare.Queues/IDFCR.Persistence.CloudFlare.Queues.csproj" />
  </Folder>
  <Folder Name="/src/IDFCR.Persistence.EntityFramework/">
    <Project Path="src/IDFCR.Persistence.EntityFramework/IDFCR.Persistence.EntityFrameworkCore.Extensions/IDFCR.Persistence.EntityFrameworkCore.Extensions.csproj" />
    <Project Path="src/IDFCR.Persistence.EntityFramework/IDFCR.Persistence.EntityFrameworkCore/IDFCR.Persistence.EntityFrameworkCore.csproj" />
  </Folder>
  <Folder Name="/src/IDFCR.Persistence.EntityFramework/Tests/">
    <Project Path="src/IDFCR.Persistence.EntityFramework/IDFCR.Persistence.EntityFrameworkCore.Tests/IDFCR.Persistence.EntityFrameworkCore.Tests.csproj" />
  </Folder>
  <Folder Name="/src/IDFCR.Results.Http/">
    <Project Path="src/IDFCR.Results.Http/IDFCR.Results.Http.csproj" />
  </Folder>
  <Folder Name="/src/IDFCR.Results.Http/Tests/">
    <Project Path="src/IDFCR.Results.Http.Tests/IDFCR.Results.Http.Tests.csproj" />
  </Folder>
  <Folder Name="/src/IDFCR.Utilities/">
    <Project Path="src/IDFCR.Utilities.Tests/IDFCR.Utilities.Tests.csproj" />
    <Project Path="src/IDFCR.Utilities/IDFCR.Utilities.csproj" />
  </Folder>
</Solution>
