<Solution>
  <Folder Name="/src/" />
  <Folder Name="/src/IDCR.Abstractions/">
    <Project Path="src/IDCR.Abstractions/IDCR.Abstractions.Builders/IDCR.Abstractions.Builders.csproj" />
    <Project Path="src/IDCR.Abstractions/IDCR.Abstractions.Mapper/IDCR.Abstractions.Mapper.csproj" />
    <Project Path="src/IDCR.Abstractions/IDCR.Abstractions.Results/IDCR.Abstractions.Results.csproj" />
	<Project Path="src/IDCR.Abstractions/IDFCR.Abstractions.Persistence/IDCR.Abstractions.Persistence.csproj" />
  </Folder>
</Solution>
