Microsoft Visual Studio Solution File, Format Version 12.00
# Visual Studio Version 17
VisualStudioVersion = 17.5.2.0
MinimumVisualStudioVersion = 10.0.40219.1
Project("{FAE04EC0-301F-11D3-BF4B-00C04F79EFBC}") = "IDFCR.TestUtilities", "IDFCR.TestUtilities\IDFCR.TestUtilities.csproj", "{20A5379B-90CA-622D-4ADE-F5AEE7417B08}"
EndProject
Project("{2150E333-8FDC-42A3-9474-1A3956D46DE8}") = "IDFCR.Abstractions", "IDFCR.Abstractions", "{F2E49271-0938-4362-539C-191B1A28B270}"
EndProject
Project("{2150E333-8FDC-42A3-9474-1A3956D46DE8}") = "IDFCR.AI", "IDFCR.AI", "{2B33E92D-8766-A38B-8638-9E52C3691DB1}"
EndProject
Project("{FAE04EC0-301F-11D3-BF4B-00C04F79EFBC}") = "IDFCR.Abstractions.Builders", "IDFCR.Abstractions\IDFCR.Abstractions.Builders\IDFCR.Abstractions.Builders.csproj", "{8A99ABDB-8C69-C3B5-B7D9-EF34DF902F48}"
EndProject
Project("{FAE04EC0-301F-11D3-BF4B-00C04F79EFBC}") = "IDFCR.Abstractions.DependencyInjection", "IDFCR.Abstractions\IDFCR.Abstractions.DependencyInjection\IDFCR.Abstractions.DependencyInjection.csproj", "{633EC4A1-872D-A2E9-24B3-F17944BEC7A5}"
EndProject
Project("{FAE04EC0-301F-11D3-BF4B-00C04F79EFBC}") = "IDFCR.Abstractions.Filters", "IDFCR.Abstractions\IDFCR.Abstractions.Filters\IDFCR.Abstractions.Filters.csproj", "{4AFC7FCC-EEAC-F5D9-07D1-8A6BD46E4C78}"
EndProject
Project("{FAE04EC0-301F-11D3-BF4B-00C04F79EFBC}") = "IDFCR.Abstractions.Interceptors", "IDFCR.Abstractions\IDFCR.Abstractions.Interceptors\IDFCR.Abstractions.Interceptors.csproj", "{8CF60AB7-13EB-AF8D-BA59-88FD62562B64}"
EndProject
Project("{FAE04EC0-301F-11D3-BF4B-00C04F79EFBC}") = "IDFCR.Abstractions.Interceptors.DependencyInjection", "IDFCR.Abstractions\IDFCR.Abstractions.Interceptors.DependencyInjection\IDFCR.Abstractions.Interceptors.DependencyInjection.csproj", "{ED022358-21D1-6E18-1575-1C6D87242972}"
EndProject
Project("{FAE04EC0-301F-11D3-BF4B-00C04F79EFBC}") = "IDFCR.Abstractions.Mapper", "IDFCR.Abstractions\IDFCR.Abstractions.Mapper\IDFCR.Abstractions.Mapper.csproj", "{8209E45D-C353-AADB-A9E0-98C3520A273F}"
EndProject
Project("{FAE04EC0-301F-11D3-BF4B-00C04F79EFBC}") = "IDFCR.Abstractions.Metadata", "IDFCR.Abstractions\IDFCR.Abstractions.Metadata\IDFCR.Abstractions.Metadata.csproj", "{AD2FC89A-0FEA-F240-0E5E-16739818440E}"
EndProject
Project("{FAE04EC0-301F-11D3-BF4B-00C04F79EFBC}") = "IDFCR.Abstractions.Persistence", "IDFCR.Abstractions\IDFCR.Abstractions.Persistence\IDFCR.Abstractions.Persistence.csproj", "{C34A8889-5EB0-73B9-4027-5A522126DF0C}"
EndProject
Project("{FAE04EC0-301F-11D3-BF4B-00C04F79EFBC}") = "IDFCR.Abstractions.Results", "IDFCR.Abstractions\IDFCR.Abstractions.Results\IDFCR.Abstractions.Results.csproj", "{066281F2-0F81-F115-16FA-EDC52A2DE733}"
EndProject
Project("{FAE04EC0-301F-11D3-BF4B-00C04F79EFBC}") = "IDFCR.AI.Abstractions", "IDFCR.AI\IDFCR.AI.Abstractions\IDFCR.AI.Abstractions.csproj", "{35739476-269A-2115-48BC-13E9297B82D4}"
EndProject
Project("{FAE04EC0-301F-11D3-BF4B-00C04F79EFBC}") = "IDFCR.AI.Http", "IDFCR.AI\IDFCR.AI.Http\IDFCR.AI.Http.csproj", "{8838B739-4AD5-4A5C-9AF7-C71ADA1BB4C7}"
EndProject
Project("{FAE04EC0-301F-11D3-BF4B-00C04F79EFBC}") = "IDFCR.AI.OpenAI", "IDFCR.AI\IDFCR.AI.OpenAI\IDFCR.AI.OpenAI.csproj", "{3CEE5DDC-2468-120E-52F7-303197BF0083}"
EndProject
Project("{2150E333-8FDC-42A3-9474-1A3956D46DE8}") = "Tests", "Tests", "{6191CF8C-0ACF-0497-7106-7DD15685F964}"
EndProject
Project("{FAE04EC0-301F-11D3-BF4B-00C04F79EFBC}") = "IDFCR.Abstractions.DependencyInjection.Tests", "IDFCR.Abstractions\Tests\IDFCR.Abstractions.DependencyInjection.Tests\IDFCR.Abstractions.DependencyInjection.Tests.csproj", "{A34148A2-419F-1FBD-9CBD-7F52BB83E484}"
EndProject
Project("{FAE04EC0-301F-11D3-BF4B-00C04F79EFBC}") = "IDFCR.Abstractions.Filters.Tests", "IDFCR.Abstractions\Tests\IDFCR.Abstractions.Filters.Tests\IDFCR.Abstractions.Filters.Tests.csproj", "{4617A60B-7F55-A3A0-DCF3-A78055FA1F29}"
EndProject
Project("{FAE04EC0-301F-11D3-BF4B-00C04F79EFBC}") = "IDFCR.Abstractions.Interceptors.DependencyInjection.Tests", "IDFCR.Abstractions\Tests\IDFCR.Abstractions.Interceptors.DependencyInjection.Tests\IDFCR.Abstractions.Interceptors.DependencyInjection.Tests.csproj", "{1A520A9E-5C3D-3FB5-D69F-4948DE0D9F3E}"
EndProject
Project("{FAE04EC0-301F-11D3-BF4B-00C04F79EFBC}") = "IDFCR.Abstractions.Interceptors.Tests", "IDFCR.Abstractions\Tests\IDFCR.Abstractions.Interceptors.Tests\IDFCR.Abstractions.Interceptors.Tests.csproj", "{9D0A0838-009E-235E-28D7-21E0456E7F1D}"
EndProject
Project("{FAE04EC0-301F-11D3-BF4B-00C04F79EFBC}") = "IDFCR.Abstractions.Persistence.Tests", "IDFCR.Abstractions\Tests\IDFCR.Abstractions.Persistence.Tests\IDFCR.Abstractions.Persistence.Tests.csproj", "{C4E6DD65-A8FD-5BBB-ED94-45CE37590E91}"
EndProject
Project("{2150E333-8FDC-42A3-9474-1A3956D46DE8}") = "Tests", "Tests", "{D0F01D95-8C0D-7D1C-7342-32C07D0F340F}"
EndProject
Project("{FAE04EC0-301F-11D3-BF4B-00C04F79EFBC}") = "IDFCR.AI.Http.Tests", "IDFCR.AI\Tests\IDFCR.AI.Http.Tests\IDFCR.AI.Http.Tests.csproj", "{AC96FFDA-B9FF-036D-2EE2-83D004F08C29}"
EndProject
Project("{FAE04EC0-301F-11D3-BF4B-00C04F79EFBC}") = "IDFCR.AI.OpenAI.Tests", "IDFCR.AI\Tests\IDFCR.AI.OpenAI.Tests\IDFCR.AI.OpenAI.Tests.csproj", "{2DECD6BB-AF94-44C4-5F76-9167FBE5690B}"
EndProject
Global
	GlobalSection(SolutionConfigurationPlatforms) = preSolution
		Debug|Any CPU = Debug|Any CPU
		Release|Any CPU = Release|Any CPU
	EndGlobalSection
	GlobalSection(ProjectConfigurationPlatforms) = postSolution
		{20A5379B-90CA-622D-4ADE-F5AEE7417B08}.Debug|Any CPU.ActiveCfg = Debug|Any CPU
		{20A5379B-90CA-622D-4ADE-F5AEE7417B08}.Debug|Any CPU.Build.0 = Debug|Any CPU
		{20A5379B-90CA-622D-4ADE-F5AEE7417B08}.Release|Any CPU.ActiveCfg = Release|Any CPU
		{20A5379B-90CA-622D-4ADE-F5AEE7417B08}.Release|Any CPU.Build.0 = Release|Any CPU
		{8A99ABDB-8C69-C3B5-B7D9-EF34DF902F48}.Debug|Any CPU.ActiveCfg = Debug|Any CPU
		{8A99ABDB-8C69-C3B5-B7D9-EF34DF902F48}.Debug|Any CPU.Build.0 = Debug|Any CPU
		{8A99ABDB-8C69-C3B5-B7D9-EF34DF902F48}.Release|Any CPU.ActiveCfg = Release|Any CPU
		{8A99ABDB-8C69-C3B5-B7D9-EF34DF902F48}.Release|Any CPU.Build.0 = Release|Any CPU
		{633EC4A1-872D-A2E9-24B3-F17944BEC7A5}.Debug|Any CPU.ActiveCfg = Debug|Any CPU
		{633EC4A1-872D-A2E9-24B3-F17944BEC7A5}.Debug|Any CPU.Build.0 = Debug|Any CPU
		{633EC4A1-872D-A2E9-24B3-F17944BEC7A5}.Release|Any CPU.ActiveCfg = Release|Any CPU
		{633EC4A1-872D-A2E9-24B3-F17944BEC7A5}.Release|Any CPU.Build.0 = Release|Any CPU
		{4AFC7FCC-EEAC-F5D9-07D1-8A6BD46E4C78}.Debug|Any CPU.ActiveCfg = Debug|Any CPU
		{4AFC7FCC-EEAC-F5D9-07D1-8A6BD46E4C78}.Debug|Any CPU.Build.0 = Debug|Any CPU
		{4AFC7FCC-EEAC-F5D9-07D1-8A6BD46E4C78}.Release|Any CPU.ActiveCfg = Release|Any CPU
		{4AFC7FCC-EEAC-F5D9-07D1-8A6BD46E4C78}.Release|Any CPU.Build.0 = Release|Any CPU
		{8CF60AB7-13EB-AF8D-BA59-88FD62562B64}.Debug|Any CPU.ActiveCfg = Debug|Any CPU
		{8CF60AB7-13EB-AF8D-BA59-88FD62562B64}.Debug|Any CPU.Build.0 = Debug|Any CPU
		{8CF60AB7-13EB-AF8D-BA59-88FD62562B64}.Release|Any CPU.ActiveCfg = Release|Any CPU
		{8CF60AB7-13EB-AF8D-BA59-88FD62562B64}.Release|Any CPU.Build.0 = Release|Any CPU
		{ED022358-21D1-6E18-1575-1C6D87242972}.Debug|Any CPU.ActiveCfg = Debug|Any CPU
		{ED022358-21D1-6E18-1575-1C6D87242972}.Debug|Any CPU.Build.0 = Debug|Any CPU
		{ED022358-21D1-6E18-1575-1C6D87242972}.Release|Any CPU.ActiveCfg = Release|Any CPU
		{ED022358-21D1-6E18-1575-1C6D87242972}.Release|Any CPU.Build.0 = Release|Any CPU
		{8209E45D-C353-AADB-A9E0-98C3520A273F}.Debug|Any CPU.ActiveCfg = Debug|Any CPU
		{8209E45D-C353-AADB-A9E0-98C3520A273F}.Debug|Any CPU.Build.0 = Debug|Any CPU
		{8209E45D-C353-AADB-A9E0-98C3520A273F}.Release|Any CPU.ActiveCfg = Release|Any CPU
		{8209E45D-C353-AADB-A9E0-98C3520A273F}.Release|Any CPU.Build.0 = Release|Any CPU
		{AD2FC89A-0FEA-F240-0E5E-16739818440E}.Debug|Any CPU.ActiveCfg = Debug|Any CPU
		{AD2FC89A-0FEA-F240-0E5E-16739818440E}.Debug|Any CPU.Build.0 = Debug|Any CPU
		{AD2FC89A-0FEA-F240-0E5E-16739818440E}.Release|Any CPU.ActiveCfg = Release|Any CPU
		{AD2FC89A-0FEA-F240-0E5E-16739818440E}.Release|Any CPU.Build.0 = Release|Any CPU
		{C34A8889-5EB0-73B9-4027-5A522126DF0C}.Debug|Any CPU.ActiveCfg = Debug|Any CPU
		{C34A8889-5EB0-73B9-4027-5A522126DF0C}.Debug|Any CPU.Build.0 = Debug|Any CPU
		{C34A8889-5EB0-73B9-4027-5A522126DF0C}.Release|Any CPU.ActiveCfg = Release|Any CPU
		{C34A8889-5EB0-73B9-4027-5A522126DF0C}.Release|Any CPU.Build.0 = Release|Any CPU
		{066281F2-0F81-F115-16FA-EDC52A2DE733}.Debug|Any CPU.ActiveCfg = Debug|Any CPU
		{066281F2-0F81-F115-16FA-EDC52A2DE733}.Debug|Any CPU.Build.0 = Debug|Any CPU
		{066281F2-0F81-F115-16FA-EDC52A2DE733}.Release|Any CPU.ActiveCfg = Release|Any CPU
		{066281F2-0F81-F115-16FA-EDC52A2DE733}.Release|Any CPU.Build.0 = Release|Any CPU
		{35739476-269A-2115-48BC-13E9297B82D4}.Debug|Any CPU.ActiveCfg = Debug|Any CPU
		{35739476-269A-2115-48BC-13E9297B82D4}.Debug|Any CPU.Build.0 = Debug|Any CPU
		{35739476-269A-2115-48BC-13E9297B82D4}.Release|Any CPU.ActiveCfg = Release|Any CPU
		{35739476-269A-2115-48BC-13E9297B82D4}.Release|Any CPU.Build.0 = Release|Any CPU
		{8838B739-4AD5-4A5C-9AF7-C71ADA1BB4C7}.Debug|Any CPU.ActiveCfg = Debug|Any CPU
		{8838B739-4AD5-4A5C-9AF7-C71ADA1BB4C7}.Debug|Any CPU.Build.0 = Debug|Any CPU
		{8838B739-4AD5-4A5C-9AF7-C71ADA1BB4C7}.Release|Any CPU.ActiveCfg = Release|Any CPU
		{8838B739-4AD5-4A5C-9AF7-C71ADA1BB4C7}.Release|Any CPU.Build.0 = Release|Any CPU
		{3CEE5DDC-2468-120E-52F7-303197BF0083}.Debug|Any CPU.ActiveCfg = Debug|Any CPU
		{3CEE5DDC-2468-120E-52F7-303197BF0083}.Debug|Any CPU.Build.0 = Debug|Any CPU
		{3CEE5DDC-2468-120E-52F7-303197BF0083}.Release|Any CPU.ActiveCfg = Release|Any CPU
		{3CEE5DDC-2468-120E-52F7-303197BF0083}.Release|Any CPU.Build.0 = Release|Any CPU
		{A34148A2-419F-1FBD-9CBD-7F52BB83E484}.Debug|Any CPU.ActiveCfg = Debug|Any CPU
		{A34148A2-419F-1FBD-9CBD-7F52BB83E484}.Debug|Any CPU.Build.0 = Debug|Any CPU
		{A34148A2-419F-1FBD-9CBD-7F52BB83E484}.Release|Any CPU.ActiveCfg = Release|Any CPU
		{A34148A2-419F-1FBD-9CBD-7F52BB83E484}.Release|Any CPU.Build.0 = Release|Any CPU
		{4617A60B-7F55-A3A0-DCF3-A78055FA1F29}.Debug|Any CPU.ActiveCfg = Debug|Any CPU
		{4617A60B-7F55-A3A0-DCF3-A78055FA1F29}.Debug|Any CPU.Build.0 = Debug|Any CPU
		{4617A60B-7F55-A3A0-DCF3-A78055FA1F29}.Release|Any CPU.ActiveCfg = Release|Any CPU
		{4617A60B-7F55-A3A0-DCF3-A78055FA1F29}.Release|Any CPU.Build.0 = Release|Any CPU
		{1A520A9E-5C3D-3FB5-D69F-4948DE0D9F3E}.Debug|Any CPU.ActiveCfg = Debug|Any CPU
		{1A520A9E-5C3D-3FB5-D69F-4948DE0D9F3E}.Debug|Any CPU.Build.0 = Debug|Any CPU
		{1A520A9E-5C3D-3FB5-D69F-4948DE0D9F3E}.Release|Any CPU.ActiveCfg = Release|Any CPU
		{1A520A9E-5C3D-3FB5-D69F-4948DE0D9F3E}.Release|Any CPU.Build.0 = Release|Any CPU
		{9D0A0838-009E-235E-28D7-21E0456E7F1D}.Debug|Any CPU.ActiveCfg = Debug|Any CPU
		{9D0A0838-009E-235E-28D7-21E0456E7F1D}.Debug|Any CPU.Build.0 = Debug|Any CPU
		{9D0A0838-009E-235E-28D7-21E0456E7F1D}.Release|Any CPU.ActiveCfg = Release|Any CPU
		{9D0A0838-009E-235E-28D7-21E0456E7F1D}.Release|Any CPU.Build.0 = Release|Any CPU
		{C4E6DD65-A8FD-5BBB-ED94-45CE37590E91}.Debug|Any CPU.ActiveCfg = Debug|Any CPU
		{C4E6DD65-A8FD-5BBB-ED94-45CE37590E91}.Debug|Any CPU.Build.0 = Debug|Any CPU
		{C4E6DD65-A8FD-5BBB-ED94-45CE37590E91}.Release|Any CPU.ActiveCfg = Release|Any CPU
		{C4E6DD65-A8FD-5BBB-ED94-45CE37590E91}.Release|Any CPU.Build.0 = Release|Any CPU
		{AC96FFDA-B9FF-036D-2EE2-83D004F08C29}.Debug|Any CPU.ActiveCfg = Debug|Any CPU
		{AC96FFDA-B9FF-036D-2EE2-83D004F08C29}.Debug|Any CPU.Build.0 = Debug|Any CPU
		{AC96FFDA-B9FF-036D-2EE2-83D004F08C29}.Release|Any CPU.ActiveCfg = Release|Any CPU
		{AC96FFDA-B9FF-036D-2EE2-83D004F08C29}.Release|Any CPU.Build.0 = Release|Any CPU
		{2DECD6BB-AF94-44C4-5F76-9167FBE5690B}.Debug|Any CPU.ActiveCfg = Debug|Any CPU
		{2DECD6BB-AF94-44C4-5F76-9167FBE5690B}.Debug|Any CPU.Build.0 = Debug|Any CPU
		{2DECD6BB-AF94-44C4-5F76-9167FBE5690B}.Release|Any CPU.ActiveCfg = Release|Any CPU
		{2DECD6BB-AF94-44C4-5F76-9167FBE5690B}.Release|Any CPU.Build.0 = Release|Any CPU
	EndGlobalSection
	GlobalSection(SolutionProperties) = preSolution
		HideSolutionNode = FALSE
	EndGlobalSection
	GlobalSection(NestedProjects) = preSolution
		{8A99ABDB-8C69-C3B5-B7D9-EF34DF902F48} = {F2E49271-0938-4362-539C-191B1A28B270}
		{633EC4A1-872D-A2E9-24B3-F17944BEC7A5} = {F2E49271-0938-4362-539C-191B1A28B270}
		{4AFC7FCC-EEAC-F5D9-07D1-8A6BD46E4C78} = {F2E49271-0938-4362-539C-191B1A28B270}
		{8CF60AB7-13EB-AF8D-BA59-88FD62562B64} = {F2E49271-0938-4362-539C-191B1A28B270}
		{ED022358-21D1-6E18-1575-1C6D87242972} = {F2E49271-0938-4362-539C-191B1A28B270}
		{8209E45D-C353-AADB-A9E0-98C3520A273F} = {F2E49271-0938-4362-539C-191B1A28B270}
		{AD2FC89A-0FEA-F240-0E5E-16739818440E} = {F2E49271-0938-4362-539C-191B1A28B270}
		{C34A8889-5EB0-73B9-4027-5A522126DF0C} = {F2E49271-0938-4362-539C-191B1A28B270}
		{066281F2-0F81-F115-16FA-EDC52A2DE733} = {F2E49271-0938-4362-539C-191B1A28B270}
		{35739476-269A-2115-48BC-13E9297B82D4} = {2B33E92D-8766-A38B-8638-9E52C3691DB1}
		{8838B739-4AD5-4A5C-9AF7-C71ADA1BB4C7} = {2B33E92D-8766-A38B-8638-9E52C3691DB1}
		{3CEE5DDC-2468-120E-52F7-303197BF0083} = {2B33E92D-8766-A38B-8638-9E52C3691DB1}
		{6191CF8C-0ACF-0497-7106-7DD15685F964} = {F2E49271-0938-4362-539C-191B1A28B270}
		{A34148A2-419F-1FBD-9CBD-7F52BB83E484} = {6191CF8C-0ACF-0497-7106-7DD15685F964}
		{4617A60B-7F55-A3A0-DCF3-A78055FA1F29} = {6191CF8C-0ACF-0497-7106-7DD15685F964}
		{1A520A9E-5C3D-3FB5-D69F-4948DE0D9F3E} = {6191CF8C-0ACF-0497-7106-7DD15685F964}
		{9D0A0838-009E-235E-28D7-21E0456E7F1D} = {6191CF8C-0ACF-0497-7106-7DD15685F964}
		{C4E6DD65-A8FD-5BBB-ED94-45CE37590E91} = {6191CF8C-0ACF-0497-7106-7DD15685F964}
		{D0F01D95-8C0D-7D1C-7342-32C07D0F340F} = {2B33E92D-8766-A38B-8638-9E52C3691DB1}
		{AC96FFDA-B9FF-036D-2EE2-83D004F08C29} = {D0F01D95-8C0D-7D1C-7342-32C07D0F340F}
		{2DECD6BB-AF94-44C4-5F76-9167FBE5690B} = {D0F01D95-8C0D-7D1C-7342-32C07D0F340F}
	EndGlobalSection
	GlobalSection(ExtensibilityGlobals) = postSolution
		SolutionGuid = {37DE93D6-90F1-445F-A6BD-93748CF1983B}
	EndGlobalSection
EndGlobal
